
Microsoft Visual Studio Solution File, Format Version 12.00
# Visual Studio Version 17
VisualStudioVersion = 17.4.33110.190
MinimumVisualStudioVersion = 10.0.40219.1
Project("{9A19103F-16F7-4668-BE54-9A1E7A4F7556}") = "Spider", "Spider.csproj", "{3F2E2251-FF8F-4314-BD9E-A6A24C5C7048}"
EndProject
Global
	GlobalSection(SolutionConfigurationPlatforms) = preSolution
		Debug|Any CPU = Debug|Any CPU
		Release|Any CPU = Release|Any CPU
	EndGlobalSection
	GlobalSection(ProjectConfigurationPlatforms) = postSolution
		{3F2E2251-FF8F-4314-BD9E-A6A24C5C7048}.Debug|Any CPU.ActiveCfg = Debug|Any CPU
		{3F2E2251-FF8F-4314-BD9E-A6A24C5C7048}.Debug|Any CPU.Build.0 = Debug|Any CPU
		{3F2E2251-FF8F-4314-BD9E-A6A24C5C7048}.Release|Any CPU.ActiveCfg = Release|Any CPU
		{3F2E2251-FF8F-4314-BD9E-A6A24C5C7048}.Release|Any CPU.Build.0 = Release|Any CPU
	EndGlobalSection
	GlobalSection(SolutionProperties) = preSolution
		HideSolutionNode = FALSE
	EndGlobalSection
	GlobalSection(ExtensibilityGlobals) = postSolution
		SolutionGuid = {E3690A4E-2B2A-409F-8C7D-F8E8F79D420E}
	EndGlobalSection
EndGlobal
